// !$*UTF8*$!
{
	archiveVersion = 1;
	classes = {
	};
	objectVersion = 50;
	objects = {

/* Begin PBXBuildFile section */
		4846CBE523C9607100AB8F0F /* AppDelegate.swift in Sources */ = {isa = PBXBuildFile; fileRef = 4846CBE423C9607100AB8F0F /* AppDelegate.swift */; };
		4846CBE723C9607100AB8F0F /* ViewController.swift in Sources */ = {isa = PBXBuildFile; fileRef = 4846CBE623C9607100AB8F0F /* ViewController.swift */; };
		4846CBEA23C9607100AB8F0F /* Main.storyboard in Resources */ = {isa = PBXBuildFile; fileRef = 4846CBE823C9607100AB8F0F /* Main.storyboard */; };
		4846CBEC23C9607200AB8F0F /* Assets.xcassets in Resources */ = {isa = PBXBuildFile; fileRef = 4846CBEB23C9607200AB8F0F /* Assets.xcassets */; };
		4846CBEF23C9607200AB8F0F /* LaunchScreen.storyboard in Resources */ = {isa = PBXBuildFile; fileRef = 4846CBED23C9607200AB8F0F /* LaunchScreen.storyboard */; };
		4846CBFA23C9607200AB8F0F /* ExampleAppCoinTests.swift in Sources */ = {isa = PBXBuildFile; fileRef = 4846CBF923C9607200AB8F0F /* ExampleAppCoinTests.swift */; };
		4846CC0523C9607200AB8F0F /* ExampleAppCoinUITests.swift in Sources */ = {isa = PBXBuildFile; fileRef = 4846CC0423C9607200AB8F0F /* ExampleAppCoinUITests.swift */; };
/* End PBXBuildFile section */

/* Begin PBXContainerItemProxy section */
		4846CBF623C9607200AB8F0F /* PBXContainerItemProxy */ = {
			isa = PBXContainerItemProxy;
			containerPortal = 4846CBD923C9607100AB8F0F /* Project object */;
			proxyType = 1;
			remoteGlobalIDString = 4846CBE023C9607100AB8F0F;
			remoteInfo = ExampleAppCoin;
		};
		4846CC0123C9607200AB8F0F /* PBXContainerItemProxy */ = {
			isa = PBXContainerItemProxy;
			containerPortal = 4846CBD923C9607100AB8F0F /* Project object */;
			proxyType = 1;
			remoteGlobalIDString = 4846CBE023C9607100AB8F0F;
			remoteInfo = ExampleAppCoin;
		};
/* End PBXContainerItemProxy section */

/* Begin PBXFileReference section */
		4846CBE123C9607100AB8F0F /* ExampleAppCoin.app */ = {isa = PBXFileReference; explicitFileType = wrapper.application; includeInIndex = 0; path = ExampleAppCoin.app; sourceTree = BUILT_PRODUCTS_DIR; };
		4846CBE423C9607100AB8F0F /* AppDelegate.swift */ = {isa = PBXFileReference; lastKnownFileType = sourcecode.swift; path = AppDelegate.swift; sourceTree = "<group>"; };
		4846CBE623C9607100AB8F0F /* ViewController.swift */ = {isa = PBXFileReference; lastKnownFileType = sourcecode.swift; path = ViewController.swift; sourceTree = "<group>"; };
		4846CBE923C9607100AB8F0F /* Base */ = {isa = PBXFileReference; lastKnownFileType = file.storyboard; name = Base; path = Base.lproj/Main.storyboard; sourceTree = "<group>"; };
		4846CBEB23C9607200AB8F0F /* Assets.xcassets */ = {isa = PBXFileReference; lastKnownFileType = folder.assetcatalog; path = Assets.xcassets; sourceTree = "<group>"; };
		4846CBEE23C9607200AB8F0F /* Base */ = {isa = PBXFileReference; lastKnownFileType = file.storyboard; name = Base; path = Base.lproj/LaunchScreen.storyboard; sourceTree = "<group>"; };
		4846CBF023C9607200AB8F0F /* Info.plist */ = {isa = PBXFileReference; lastKnownFileType = text.plist.xml; path = Info.plist; sourceTree = "<group>"; };
		4846CBF523C9607200AB8F0F /* ExampleAppCoinTests.xctest */ = {isa = PBXFileReference; explicitFileType = wrapper.cfbundle; includeInIndex = 0; path = ExampleAppCoinTests.xctest; sourceTree = BUILT_PRODUCTS_DIR; };
		4846CBF923C9607200AB8F0F /* ExampleAppCoinTests.swift */ = {isa = PBXFileReference; lastKnownFileType = sourcecode.swift; path = ExampleAppCoinTests.swift; sourceTree = "<group>"; };
		4846CBFB23C9607200AB8F0F /* Info.plist */ = {isa = PBXFileReference; lastKnownFileType = text.plist.xml; path = Info.plist; sourceTree = "<group>"; };
		4846CC0023C9607200AB8F0F /* ExampleAppCoinUITests.xctest */ = {isa = PBXFileReference; explicitFileType = wrapper.cfbundle; includeInIndex = 0; path = ExampleAppCoinUITests.xctest; sourceTree = BUILT_PRODUCTS_DIR; };
		4846CC0423C9607200AB8F0F /* ExampleAppCoinUITests.swift */ = {isa = PBXFileReference; lastKnownFileType = sourcecode.swift; path = ExampleAppCoinUITests.swift; sourceTree = "<group>"; };
		4846CC0623C9607200AB8F0F /* Info.plist */ = {isa = PBXFileReference; lastKnownFileType = text.plist.xml; path = Info.plist; sourceTree = "<group>"; };
/* End PBXFileReference section */

/* Begin PBXFrameworksBuildPhase section */
		4846CBDE23C9607100AB8F0F /* Frameworks */ = {
			isa = PBXFrameworksBuildPhase;
			buildActionMask = 2147483647;
			files = (
			);
			runOnlyForDeploymentPostprocessing = 0;
		};
		4846CBF223C9607200AB8F0F /* Frameworks */ = {
			isa = PBXFrameworksBuildPhase;
			buildActionMask = 2147483647;
			files = (
			);
			runOnlyForDeploymentPostprocessing = 0;
		};
		4846CBFD23C9607200AB8F0F /* Frameworks */ = {
			isa = PBXFrameworksBuildPhase;
			buildActionMask = 2147483647;
			files = (
			);
			runOnlyForDeploymentPostprocessing = 0;
		};
/* End PBXFrameworksBuildPhase section */

/* Begin PBXGroup section */
		4846CBD823C9607100AB8F0F = {
			isa = PBXGroup;
			children = (
				4846CBE323C9607100AB8F0F /* ExampleAppCoin */,
				4846CBF823C9607200AB8F0F /* ExampleAppCoinTests */,
				4846CC0323C9607200AB8F0F /* ExampleAppCoinUITests */,
				4846CBE223C9607100AB8F0F /* Products */,
			);
			sourceTree = "<group>";
		};
		4846CBE223C9607100AB8F0F /* Products */ = {
			isa = PBXGroup;
			children = (
				4846CBE123C9607100AB8F0F /* ExampleAppCoin.app */,
				4846CBF523C9607200AB8F0F /* ExampleAppCoinTests.xctest */,
				4846CC0023C9607200AB8F0F /* ExampleAppCoinUITests.xctest */,
			);
			name = Products;
			sourceTree = "<group>";
		};
		4846CBE323C9607100AB8F0F /* ExampleAppCoin */ = {
			isa = PBXGroup;
			children = (
				4846CBE423C9607100AB8F0F /* AppDelegate.swift */,
				4846CBE623C9607100AB8F0F /* ViewController.swift */,
				4846CBE823C9607100AB8F0F /* Main.storyboard */,
				4846CBEB23C9607200AB8F0F /* Assets.xcassets */,
				4846CBED23C9607200AB8F0F /* LaunchScreen.storyboard */,
				4846CBF023C9607200AB8F0F /* Info.plist */,
			);
			path = ExampleAppCoin;
			sourceTree = "<group>";
		};
		4846CBF823C9607200AB8F0F /* ExampleAppCoinTests */ = {
			isa = PBXGroup;
			children = (
				4846CBF923C9607200AB8F0F /* ExampleAppCoinTests.swift */,
				4846CBFB23C9607200AB8F0F /* Info.plist */,
			);
			path = ExampleAppCoinTests;
			sourceTree = "<group>";
		};
		4846CC0323C9607200AB8F0F /* ExampleAppCoinUITests */ = {
			isa = PBXGroup;
			children = (
				4846CC0423C9607200AB8F0F /* ExampleAppCoinUITests.swift */,
				4846CC0623C9607200AB8F0F /* Info.plist */,
			);
			path = ExampleAppCoinUITests;
			sourceTree = "<group>";
		};
/* End PBXGroup section */

/* Begin PBXNativeTarget section */
		4846CBE023C9607100AB8F0F /* ExampleAppCoin */ = {
			isa = PBXNativeTarget;
			buildConfigurationList = 4846CC0923C9607200AB8F0F /* Build configuration list for PBXNativeTarget "ExampleAppCoin" */;
			buildPhases = (
				4846CBDD23C9607100AB8F0F /* Sources */,
				4846CBDE23C9607100AB8F0F /* Frameworks */,
				4846CBDF23C9607100AB8F0F /* Resources */,
			);
			buildRules = (
			);
			dependencies = (
			);
			name = ExampleAppCoin;
			productName = ExampleAppCoin;
			productReference = 4846CBE123C9607100AB8F0F /* ExampleAppCoin.app */;
			productType = "com.apple.product-type.application";
		};
		4846CBF423C9607200AB8F0F /* ExampleAppCoinTests */ = {
			isa = PBXNativeTarget;
			buildConfigurationList = 4846CC0C23C9607200AB8F0F /* Build configuration list for PBXNativeTarget "ExampleAppCoinTests" */;
			buildPhases = (
				4846CBF123C9607200AB8F0F /* Sources */,
				4846CBF223C9607200AB8F0F /* Frameworks */,
				4846CBF323C9607200AB8F0F /* Resources */,
			);
			buildRules = (
			);
			dependencies = (
				4846CBF723C9607200AB8F0F /* PBXTargetDependency */,
			);
			name = ExampleAppCoinTests;
			productName = ExampleAppCoinTests;
			productReference = 4846CBF523C9607200AB8F0F /* ExampleAppCoinTests.xctest */;
			productType = "com.apple.product-type.bundle.unit-test";
		};
		4846CBFF23C9607200AB8F0F /* ExampleAppCoinUITests */ = {
			isa = PBXNativeTarget;
			buildConfigurationList = 4846CC0F23C9607200AB8F0F /* Build configuration list for PBXNativeTarget "ExampleAppCoinUITests" */;
			buildPhases = (
				4846CBFC23C9607200AB8F0F /* Sources */,
				4846CBFD23C9607200AB8F0F /* Frameworks */,
				4846CBFE23C9607200AB8F0F /* Resources */,
			);
			buildRules = (
			);
			dependencies = (
				4846CC0223C9607200AB8F0F /* PBXTargetDependency */,
			);
			name = ExampleAppCoinUITests;
			productName = ExampleAppCoinUITests;
			productReference = 4846CC0023C9607200AB8F0F /* ExampleAppCoinUITests.xctest */;
			productType = "com.apple.product-type.bundle.ui-testing";
		};
/* End PBXNativeTarget section */

/* Begin PBXProject section */
		4846CBD923C9607100AB8F0F /* Project object */ = {
			isa = PBXProject;
			attributes = {
				LastSwiftUpdateCheck = 1010;
				LastUpgradeCheck = 1010;
				ORGANIZATIONNAME = "Thales Luquetti Teixeira";
				TargetAttributes = {
					4846CBE023C9607100AB8F0F = {
						CreatedOnToolsVersion = 10.1;
					};
					4846CBF423C9607200AB8F0F = {
						CreatedOnToolsVersion = 10.1;
						TestTargetID = 4846CBE023C9607100AB8F0F;
					};
					4846CBFF23C9607200AB8F0F = {
						CreatedOnToolsVersion = 10.1;
						TestTargetID = 4846CBE023C9607100AB8F0F;
					};
				};
			};
			buildConfigurationList = 4846CBDC23C9607100AB8F0F /* Build configuration list for PBXProject "ExampleAppCoin" */;
			compatibilityVersion = "Xcode 9.3";
			developmentRegion = en;
			hasScannedForEncodings = 0;
			knownRegions = (
				en,
				Base,
			);
			mainGroup = 4846CBD823C9607100AB8F0F;
			productRefGroup = 4846CBE223C9607100AB8F0F /* Products */;
			projectDirPath = "";
			projectRoot = "";
			targets = (
				4846CBE023C9607100AB8F0F /* ExampleAppCoin */,
				4846CBF423C9607200AB8F0F /* ExampleAppCoinTests */,
				4846CBFF23C9607200AB8F0F /* ExampleAppCoinUITests */,
			);
		};
/* End PBXProject section */

/* Begin PBXResourcesBuildPhase section */
		4846CBDF23C9607100AB8F0F /* Resources */ = {
			isa = PBXResourcesBuildPhase;
			buildActionMask = 2147483647;
			files = (
				4846CBEF23C9607200AB8F0F /* LaunchScreen.storyboard in Resources */,
				4846CBEC23C9607200AB8F0F /* Assets.xcassets in Resources */,
				4846CBEA23C9607100AB8F0F /* Main.storyboard in Resources */,
			);
			runOnlyForDeploymentPostprocessing = 0;
		};
		4846CBF323C9607200AB8F0F /* Resources */ = {
			isa = PBXResourcesBuildPhase;
			buildActionMask = 2147483647;
			files = (
			);
			runOnlyForDeploymentPostprocessing = 0;
		};
		4846CBFE23C9607200AB8F0F /* Resources */ = {
			isa = PBXResourcesBuildPhase;
			buildActionMask = 2147483647;
			files = (
			);
			runOnlyForDeploymentPostprocessing = 0;
		};
/* End PBXResourcesBuildPhase section */

/* Begin PBXSourcesBuildPhase section */
		4846CBDD23C9607100AB8F0F /* Sources */ = {
			isa = PBXSourcesBuildPhase;
			buildActionMask = 2147483647;
			files = (
				4846CBE723C9607100AB8F0F /* ViewController.swift in Sources */,
				4846CBE523C9607100AB8F0F /* AppDelegate.swift in Sources */,
			);
			runOnlyForDeploymentPostprocessing = 0;
		};
		4846CBF123C9607200AB8F0F /* Sources */ = {
			isa = PBXSourcesBuildPhase;
			buildActionMask = 2147483647;
			files = (
				4846CBFA23C9607200AB8F0F /* ExampleAppCoinTests.swift in Sources */,
			);
			runOnlyForDeploymentPostprocessing = 0;
		};
		4846CBFC23C9607200AB8F0F /* Sources */ = {
			isa = PBXSourcesBuildPhase;
			buildActionMask = 2147483647;
			files = (
				4846CC0523C9607200AB8F0F /* ExampleAppCoinUITests.swift in Sources */,
			);
			runOnlyForDeploymentPostprocessing = 0;
		};
/* End PBXSourcesBuildPhase section */

/* Begin PBXTargetDependency section */
		4846CBF723C9607200AB8F0F /* PBXTargetDependency */ = {
			isa = PBXTargetDependency;
			target = 4846CBE023C9607100AB8F0F /* ExampleAppCoin */;
			targetProxy = 4846CBF623C9607200AB8F0F /* PBXContainerItemProxy */;
		};
		4846CC0223C9607200AB8F0F /* PBXTargetDependency */ = {
			isa = PBXTargetDependency;
			target = 4846CBE023C9607100AB8F0F /* ExampleAppCoin */;
			targetProxy = 4846CC0123C9607200AB8F0F /* PBXContainerItemProxy */;
		};
/* End PBXTargetDependency section */

/* Begin PBXVariantGroup section */
		4846CBE823C9607100AB8F0F /* Main.storyboard */ = {
			isa = PBXVariantGroup;
			children = (
				4846CBE923C9607100AB8F0F /* Base */,
			);
			name = Main.storyboard;
			sourceTree = "<group>";
		};
		4846CBED23C9607200AB8F0F /* LaunchScreen.storyboard */ = {
			isa = PBXVariantGroup;
			children = (
				4846CBEE23C9607200AB8F0F /* Base */,
			);
			name = LaunchScreen.storyboard;
			sourceTree = "<group>";
		};
/* End PBXVariantGroup section */

/* Begin XCBuildConfiguration section */
		4846CC0723C9607200AB8F0F /* Debug */ = {
			isa = XCBuildConfiguration;
			buildSettings = {
				ALWAYS_SEARCH_USER_PATHS = NO;
				CLANG_ANALYZER_NONNULL = YES;
				CLANG_ANALYZER_NUMBER_OBJECT_CONVERSION = YES_AGGRESSIVE;
				CLANG_CXX_LANGUAGE_STANDARD = "gnu++14";
				CLANG_CXX_LIBRARY = "libc++";
				CLANG_ENABLE_MODULES = YES;
				CLANG_ENABLE_OBJC_ARC = YES;
				CLANG_ENABLE_OBJC_WEAK = YES;
				CLANG_WARN_BLOCK_CAPTURE_AUTORELEASING = YES;
				CLANG_WARN_BOOL_CONVERSION = YES;
				CLANG_WARN_COMMA = YES;
				CLANG_WARN_CONSTANT_CONVERSION = YES;
				CLANG_WARN_DEPRECATED_OBJC_IMPLEMENTATIONS = YES;
				CLANG_WARN_DIRECT_OBJC_ISA_USAGE = YES_ERROR;
				CLANG_WARN_DOCUMENTATION_COMMENTS = YES;
				CLANG_WARN_EMPTY_BODY = YES;
				CLANG_WARN_ENUM_CONVERSION = YES;
				CLANG_WARN_INFINITE_RECURSION = YES;
				CLANG_WARN_INT_CONVERSION = YES;
				CLANG_WARN_NON_LITERAL_NULL_CONVERSION = YES;
				CLANG_WARN_OBJC_IMPLICIT_RETAIN_SELF = YES;
				CLANG_WARN_OBJC_LITERAL_CONVERSION = YES;
				CLANG_WARN_OBJC_ROOT_CLASS = YES_ERROR;
				CLANG_WARN_RANGE_LOOP_ANALYSIS = YES;
				CLANG_WARN_STRICT_PROTOTYPES = YES;
				CLANG_WARN_SUSPICIOUS_MOVE = YES;
				CLANG_WARN_UNGUARDED_AVAILABILITY = YES_AGGRESSIVE;
				CLANG_WARN_UNREACHABLE_CODE = YES;
				CLANG_WARN__DUPLICATE_METHOD_MATCH = YES;
				CODE_SIGN_IDENTITY = "iPhone Developer";
				COPY_PHASE_STRIP = NO;
				DEBUG_INFORMATION_FORMAT = dwarf;
				ENABLE_STRICT_OBJC_MSGSEND = YES;
				ENABLE_TESTABILITY = YES;
				GCC_C_LANGUAGE_STANDARD = gnu11;
				GCC_DYNAMIC_NO_PIC = NO;
				GCC_NO_COMMON_BLOCKS = YES;
				GCC_OPTIMIZATION_LEVEL = 0;
				GCC_PREPROCESSOR_DEFINITIONS = (
					"DEBUG=1",
					"$(inherited)",
				);
				GCC_WARN_64_TO_32_BIT_CONVERSION = YES;
				GCC_WARN_ABOUT_RETURN_TYPE = YES_ERROR;
				GCC_WARN_UNDECLARED_SELECTOR = YES;
				GCC_WARN_UNINITIALIZED_AUTOS = YES_AGGRESSIVE;
				GCC_WARN_UNUSED_FUNCTION = YES;
				GCC_WARN_UNUSED_VARIABLE = YES;
				IPHONEOS_DEPLOYMENT_TARGET = 12.1;
				MTL_ENABLE_DEBUG_INFO = INCLUDE_SOURCE;
				MTL_FAST_MATH = YES;
				ONLY_ACTIVE_ARCH = YES;
				SDKROOT = iphoneos;
				SWIFT_ACTIVE_COMPILATION_CONDITIONS = DEBUG;
				SWIFT_OPTIMIZATION_LEVEL = "-Onone";
			};
			name = Debug;
		};
		4846CC0823C9607200AB8F0F /* Release */ = {
			isa = XCBuildConfiguration;
			buildSettings = {
				ALWAYS_SEARCH_USER_PATHS = NO;
				CLANG_ANALYZER_NONNULL = YES;
				CLANG_ANALYZER_NUMBER_OBJECT_CONVERSION = YES_AGGRESSIVE;
				CLANG_CXX_LANGUAGE_STANDARD = "gnu++14";
				CLANG_CXX_LIBRARY = "libc++";
				CLANG_ENABLE_MODULES = YES;
				CLANG_ENABLE_OBJC_ARC = YES;
				CLANG_ENABLE_OBJC_WEAK = YES;
				CLANG_WARN_BLOCK_CAPTURE_AUTORELEASING = YES;
				CLANG_WARN_BOOL_CONVERSION = YES;
				CLANG_WARN_COMMA = YES;
				CLANG_WARN_CONSTANT_CONVERSION = YES;
				CLANG_WARN_DEPRECATED_OBJC_IMPLEMENTATIONS = YES;
				CLANG_WARN_DIRECT_OBJC_ISA_USAGE = YES_ERROR;
				CLANG_WARN_DOCUMENTATION_COMMENTS = YES;
				CLANG_WARN_EMPTY_BODY = YES;
				CLANG_WARN_ENUM_CONVERSION = YES;
				CLANG_WARN_INFINITE_RECURSION = YES;
				CLANG_WARN_INT_CONVERSION = YES;
				CLANG_WARN_NON_LITERAL_NULL_CONVERSION = YES;
				CLANG_WARN_OBJC_IMPLICIT_RETAIN_SELF = YES;
				CLANG_WARN_OBJC_LITERAL_CONVERSION = YES;
				CLANG_WARN_OBJC_ROOT_CLASS = YES_ERROR;
				CLANG_WARN_RANGE_LOOP_ANALYSIS = YES;
				CLANG_WARN_STRICT_PROTOTYPES = YES;
				CLANG_WARN_SUSPICIOUS_MOVE = YES;
				CLANG_WARN_UNGUARDED_AVAILABILITY = YES_AGGRESSIVE;
				CLANG_WARN_UNREACHABLE_CODE = YES;
				CLANG_WARN__DUPLICATE_METHOD_MATCH = YES;
				CODE_SIGN_IDENTITY = "iPhone Developer";
				COPY_PHASE_STRIP = NO;
				DEBUG_INFORMATION_FORMAT = "dwarf-with-dsym";
				ENABLE_NS_ASSERTIONS = NO;
				ENABLE_STRICT_OBJC_MSGSEND = YES;
				GCC_C_LANGUAGE_STANDARD = gnu11;
				GCC_NO_COMMON_BLOCKS = YES;
				GCC_WARN_64_TO_32_BIT_CONVERSION = YES;
				GCC_WARN_ABOUT_RETURN_TYPE = YES_ERROR;
				GCC_WARN_UNDECLARED_SELECTOR = YES;
				GCC_WARN_UNINITIALIZED_AUTOS = YES_AGGRESSIVE;
				GCC_WARN_UNUSED_FUNCTION = YES;
				GCC_WARN_UNUSED_VARIABLE = YES;
				IPHONEOS_DEPLOYMENT_TARGET = 12.1;
				MTL_ENABLE_DEBUG_INFO = NO;
				MTL_FAST_MATH = YES;
				SDKROOT = iphoneos;
				SWIFT_COMPILATION_MODE = wholemodule;
				SWIFT_OPTIMIZATION_LEVEL = "-O";
				VALIDATE_PRODUCT = YES;
			};
			name = Release;
		};
		4846CC0A23C9607200AB8F0F /* Debug */ = {
			isa = XCBuildConfiguration;
			buildSettings = {
				ASSETCATALOG_COMPILER_APPICON_NAME = AppIcon;
				CODE_SIGN_STYLE = Automatic;
				DEVELOPMENT_TEAM = N9BQPBSKNL;
				INFOPLIST_FILE = ExampleAppCoin/Info.plist;
				LD_RUNPATH_SEARCH_PATHS = (
					"$(inherited)",
					"@executable_path/Frameworks",
				);
				PRODUCT_BUNDLE_IDENTIFIER = com.br.ExampleAppCoin;
				PRODUCT_NAME = "$(TARGET_NAME)";
				SWIFT_VERSION = 4.2;
				TARGETED_DEVICE_FAMILY = "1,2";
			};
			name = Debug;
		};
		4846CC0B23C9607200AB8F0F /* Release */ = {
			isa = XCBuildConfiguration;
			buildSettings = {
				ASSETCATALOG_COMPILER_APPICON_NAME = AppIcon;
				CODE_SIGN_STYLE = Automatic;
				DEVELOPMENT_TEAM = N9BQPBSKNL;
				INFOPLIST_FILE = ExampleAppCoin/Info.plist;
				LD_RUNPATH_SEARCH_PATHS = (
					"$(inherited)",
					"@executable_path/Frameworks",
				);
				PRODUCT_BUNDLE_IDENTIFIER = com.br.ExampleAppCoin;
				PRODUCT_NAME = "$(TARGET_NAME)";
				SWIFT_VERSION = 4.2;
				TARGETED_DEVICE_FAMILY = "1,2";
			};
			name = Release;
		};
		4846CC0D23C9607200AB8F0F /* Debug */ = {
			isa = XCBuildConfiguration;
			buildSettings = {
				ALWAYS_EMBED_SWIFT_STANDARD_LIBRARIES = YES;
				BUNDLE_LOADER = "$(TEST_HOST)";
				CODE_SIGN_STYLE = Automatic;
				DEVELOPMENT_TEAM = N9BQPBSKNL;
				INFOPLIST_FILE = ExampleAppCoinTests/Info.plist;
				LD_RUNPATH_SEARCH_PATHS = (
					"$(inherited)",
					"@executable_path/Frameworks",
					"@loader_path/Frameworks",
				);
				PRODUCT_BUNDLE_IDENTIFIER = com.br.ExampleAppCoinTests;
				PRODUCT_NAME = "$(TARGET_NAME)";
				SWIFT_VERSION = 4.2;
				TARGETED_DEVICE_FAMILY = "1,2";
				TEST_HOST = "$(BUILT_PRODUCTS_DIR)/ExampleAppCoin.app/ExampleAppCoin";
			};
			name = Debug;
		};
		4846CC0E23C9607200AB8F0F /* Release */ = {
			isa = XCBuildConfiguration;
			buildSettings = {
				ALWAYS_EMBED_SWIFT_STANDARD_LIBRARIES = YES;
				BUNDLE_LOADER = "$(TEST_HOST)";
				CODE_SIGN_STYLE = Automatic;
				DEVELOPMENT_TEAM = N9BQPBSKNL;
				INFOPLIST_FILE = ExampleAppCoinTests/Info.plist;
				LD_RUNPATH_SEARCH_PATHS = (
					"$(inherited)",
					"@executable_path/Frameworks",
					"@loader_path/Frameworks",
				);
				PRODUCT_BUNDLE_IDENTIFIER = com.br.ExampleAppCoinTests;
				PRODUCT_NAME = "$(TARGET_NAME)";
				SWIFT_VERSION = 4.2;
				TARGETED_DEVICE_FAMILY = "1,2";
				TEST_HOST = "$(BUILT_PRODUCTS_DIR)/ExampleAppCoin.app/ExampleAppCoin";
			};
			name = Release;
		};
		4846CC1023C9607200AB8F0F /* Debug */ = {
			isa = XCBuildConfiguration;
			buildSettings = {
				ALWAYS_EMBED_SWIFT_STANDARD_LIBRARIES = YES;
				CODE_SIGN_STYLE = Automatic;
				DEVELOPMENT_TEAM = N9BQPBSKNL;
				INFOPLIST_FILE = ExampleAppCoinUITests/Info.plist;
				LD_RUNPATH_SEARCH_PATHS = (
					"$(inherited)",
					"@executable_path/Frameworks",
					"@loader_path/Frameworks",
				);
				PRODUCT_BUNDLE_IDENTIFIER = com.br.ExampleAppCoinUITests;
				PRODUCT_NAME = "$(TARGET_NAME)";
				SWIFT_VERSION = 4.2;
				TARGETED_DEVICE_FAMILY = "1,2";
				TEST_TARGET_NAME = ExampleAppCoin;
			};
			name = Debug;
		};
		4846CC1123C9607200AB8F0F /* Release */ = {
			isa = XCBuildConfiguration;
			buildSettings = {
				ALWAYS_EMBED_SWIFT_STANDARD_LIBRARIES = YES;
				CODE_SIGN_STYLE = Automatic;
				DEVELOPMENT_TEAM = N9BQPBSKNL;
				INFOPLIST_FILE = ExampleAppCoinUITests/Info.plist;
				LD_RUNPATH_SEARCH_PATHS = (
					"$(inherited)",
					"@executable_path/Frameworks",
					"@loader_path/Frameworks",
				);
				PRODUCT_BUNDLE_IDENTIFIER = com.br.ExampleAppCoinUITests;
				PRODUCT_NAME = "$(TARGET_NAME)";
				SWIFT_VERSION = 4.2;
				TARGETED_DEVICE_FAMILY = "1,2";
				TEST_TARGET_NAME = ExampleAppCoin;
			};
			name = Release;
		};
/* End XCBuildConfiguration section */

/* Begin XCConfigurationList section */
		4846CBDC23C9607100AB8F0F /* Build configuration list for PBXProject "ExampleAppCoin" */ = {
			isa = XCConfigurationList;
			buildConfigurations = (
				4846CC0723C9607200AB8F0F /* Debug */,
				4846CC0823C9607200AB8F0F /* Release */,
			);
			defaultConfigurationIsVisible = 0;
			defaultConfigurationName = Release;
		};
		4846CC0923C9607200AB8F0F /* Build configuration list for PBXNativeTarget "ExampleAppCoin" */ = {
			isa = XCConfigurationList;
			buildConfigurations = (
				4846CC0A23C9607200AB8F0F /* Debug */,
				4846CC0B23C9607200AB8F0F /* Release */,
			);
			defaultConfigurationIsVisible = 0;
			defaultConfigurationName = Release;
		};
		4846CC0C23C9607200AB8F0F /* Build configuration list for PBXNativeTarget "ExampleAppCoinTests" */ = {
			isa = XCConfigurationList;
			buildConfigurations = (
				4846CC0D23C9607200AB8F0F /* Debug */,
				4846CC0E23C9607200AB8F0F /* Release */,
			);
			defaultConfigurationIsVisible = 0;
			defaultConfigurationName = Release;
		};
		4846CC0F23C9607200AB8F0F /* Build configuration list for PBXNativeTarget "ExampleAppCoinUITests" */ = {
			isa = XCConfigurationList;
			buildConfigurations = (
				4846CC1023C9607200AB8F0F /* Debug */,
				4846CC1123C9607200AB8F0F /* Release */,
			);
			defaultConfigurationIsVisible = 0;
			defaultConfigurationName = Release;
		};
/* End XCConfigurationList section */
	};
	rootObject = 4846CBD923C9607100AB8F0F /* Project object */;
}
