// !$*UTF8*$!
{
	archiveVersion = 1;
	classes = {
	};
	objectVersion = 51;
	objects = {

/* Begin PBXBuildFile section */
		47DB3A0A5E76B0CA861A3503 /* Pods_ExampleAppCoin.framework in Frameworks */ = {isa = PBXBuildFile; fileRef = 6DFD5805CFF9AB4CE0DA605F /* Pods_ExampleAppCoin.framework */; };
		480EC62723CA1461002F0D73 /* HomeViewModel.swift in Sources */ = {isa = PBXBuildFile; fileRef = 480EC62623CA1461002F0D73 /* HomeViewModel.swift */; };
		480EC62923CA14F0002F0D73 /* UIStoryboard.swift in Sources */ = {isa = PBXBuildFile; fileRef = 480EC62823CA14F0002F0D73 /* UIStoryboard.swift */; };
		480EC62C23CA15DF002F0D73 /* Identifiable.swift in Sources */ = {isa = PBXBuildFile; fileRef = 480EC62B23CA15DF002F0D73 /* Identifiable.swift */; };
		480EC62E23CA17C1002F0D73 /* SplashViewModel.swift in Sources */ = {isa = PBXBuildFile; fileRef = 480EC62D23CA17C1002F0D73 /* SplashViewModel.swift */; };
		480EC63023CA1A14002F0D73 /* LocalizableStrings.swift in Sources */ = {isa = PBXBuildFile; fileRef = 480EC62F23CA1A14002F0D73 /* LocalizableStrings.swift */; };
		480EC63223CA1A56002F0D73 /* String.swift in Sources */ = {isa = PBXBuildFile; fileRef = 480EC63123CA1A56002F0D73 /* String.swift */; };
		480EC63523CA56B0002F0D73 /* ForeignExchangeRatesModel.swift in Sources */ = {isa = PBXBuildFile; fileRef = 480EC63423CA56B0002F0D73 /* ForeignExchangeRatesModel.swift */; };
		480EC63723CA61B8002F0D73 /* Dynamic.swift in Sources */ = {isa = PBXBuildFile; fileRef = 480EC63623CA61B8002F0D73 /* Dynamic.swift */; };
		480EC63923CA646D002F0D73 /* CoinConversionSimulationViewController.swift in Sources */ = {isa = PBXBuildFile; fileRef = 480EC63823CA646D002F0D73 /* CoinConversionSimulationViewController.swift */; };
		480EC63B23CA647E002F0D73 /* CoinConversionSimulationViewModel.swift in Sources */ = {isa = PBXBuildFile; fileRef = 480EC63A23CA647E002F0D73 /* CoinConversionSimulationViewModel.swift */; };
		480EC63E23CA6649002F0D73 /* RatesTableViewCell.swift in Sources */ = {isa = PBXBuildFile; fileRef = 480EC63D23CA6649002F0D73 /* RatesTableViewCell.swift */; };
		480EC64023CA6709002F0D73 /* RatesTableViewCellViewModel.swift in Sources */ = {isa = PBXBuildFile; fileRef = 480EC63F23CA6709002F0D73 /* RatesTableViewCellViewModel.swift */; };
		480EC64223CA6C5D002F0D73 /* Decimal.swift in Sources */ = {isa = PBXBuildFile; fileRef = 480EC64123CA6C5D002F0D73 /* Decimal.swift */; };
		480EC64423CB6425002F0D73 /* HTTPProvider.swift in Sources */ = {isa = PBXBuildFile; fileRef = 480EC64323CB6425002F0D73 /* HTTPProvider.swift */; };
		480EC64623CB658D002F0D73 /* Resource.swift in Sources */ = {isa = PBXBuildFile; fileRef = 480EC64523CB658D002F0D73 /* Resource.swift */; };
		480EC64823CB6850002F0D73 /* ApiRequest.swift in Sources */ = {isa = PBXBuildFile; fileRef = 480EC64723CB6850002F0D73 /* ApiRequest.swift */; };
		480EC64A23CB69D7002F0D73 /* DefaultErrorConverter.swift in Sources */ = {isa = PBXBuildFile; fileRef = 480EC64923CB69D7002F0D73 /* DefaultErrorConverter.swift */; };
		480EC64C23CB6A75002F0D73 /* Encodable.swift in Sources */ = {isa = PBXBuildFile; fileRef = 480EC64B23CB6A75002F0D73 /* Encodable.swift */; };
		480EC64E23CB6F31002F0D73 /* ForeignExchangeRatesBusiness.swift in Sources */ = {isa = PBXBuildFile; fileRef = 480EC64D23CB6F31002F0D73 /* ForeignExchangeRatesBusiness.swift */; };
		480EC65123CB702E002F0D73 /* ForeignExchangeRatesHTTPRequest.swift in Sources */ = {isa = PBXBuildFile; fileRef = 480EC65023CB702E002F0D73 /* ForeignExchangeRatesHTTPRequest.swift */; };
		480EC65523CB7618002F0D73 /* DefaultHTTPConfiguration.swift in Sources */ = {isa = PBXBuildFile; fileRef = 480EC65423CB7618002F0D73 /* DefaultHTTPConfiguration.swift */; };
		480EC65723CB78EE002F0D73 /* DefaultSessionDelegate.swift in Sources */ = {isa = PBXBuildFile; fileRef = 480EC65623CB78EE002F0D73 /* DefaultSessionDelegate.swift */; };
		480EC65A23CB7BF5002F0D73 /* ShimmerView.swift in Sources */ = {isa = PBXBuildFile; fileRef = 480EC65923CB7BF5002F0D73 /* ShimmerView.swift */; };
		480EC65D23CB7C4D002F0D73 /* Shimmer.swift in Sources */ = {isa = PBXBuildFile; fileRef = 480EC65C23CB7C4D002F0D73 /* Shimmer.swift */; };
		480EC65F23CB7CFB002F0D73 /* ShimmerView.xib in Resources */ = {isa = PBXBuildFile; fileRef = 480EC65E23CB7CFB002F0D73 /* ShimmerView.xib */; };
		480EC66323CB8247002F0D73 /* UIView.swift in Sources */ = {isa = PBXBuildFile; fileRef = 480EC66223CB8247002F0D73 /* UIView.swift */; };
		480EC66623CBAF7E002F0D73 /* ErrorView.swift in Sources */ = {isa = PBXBuildFile; fileRef = 480EC66523CBAF7E002F0D73 /* ErrorView.swift */; };
		480EC66823CBAF89002F0D73 /* ErrorView.xib in Resources */ = {isa = PBXBuildFile; fileRef = 480EC66723CBAF89002F0D73 /* ErrorView.xib */; };
		4846CBE523C9607100AB8F0F /* AppDelegate.swift in Sources */ = {isa = PBXBuildFile; fileRef = 4846CBE423C9607100AB8F0F /* AppDelegate.swift */; };
		4846CBE723C9607100AB8F0F /* SplashViewController.swift in Sources */ = {isa = PBXBuildFile; fileRef = 4846CBE623C9607100AB8F0F /* SplashViewController.swift */; };
		4846CBEA23C9607100AB8F0F /* Coin.storyboard in Resources */ = {isa = PBXBuildFile; fileRef = 4846CBE823C9607100AB8F0F /* Coin.storyboard */; };
		4846CBEC23C9607200AB8F0F /* Assets.xcassets in Resources */ = {isa = PBXBuildFile; fileRef = 4846CBEB23C9607200AB8F0F /* Assets.xcassets */; };
		4846CBFA23C9607200AB8F0F /* ExampleAppCoinTests.swift in Sources */ = {isa = PBXBuildFile; fileRef = 4846CBF923C9607200AB8F0F /* ExampleAppCoinTests.swift */; };
		4846CC0523C9607200AB8F0F /* ExampleAppCoinUITests.swift in Sources */ = {isa = PBXBuildFile; fileRef = 4846CC0423C9607200AB8F0F /* ExampleAppCoinUITests.swift */; };
		4846CC1723C963FD00AB8F0F /* Localizable.strings in Resources */ = {isa = PBXBuildFile; fileRef = 4846CC1623C963FD00AB8F0F /* Localizable.strings */; };
		4846CC2223C9665D00AB8F0F /* HomeViewController.swift in Sources */ = {isa = PBXBuildFile; fileRef = 4846CC2123C9665D00AB8F0F /* HomeViewController.swift */; };
		48B9734423C96D46002EED56 /* splashCoin.json in Resources */ = {isa = PBXBuildFile; fileRef = 48B9734323C96D46002EED56 /* splashCoin.json */; };
		5FAABED19D11757666369532 /* Pods_ExampleAppCoin_ExampleAppCoinUITests.framework in Frameworks */ = {isa = PBXBuildFile; fileRef = 25924E4D492761E789C2A6D7 /* Pods_ExampleAppCoin_ExampleAppCoinUITests.framework */; };
		6B5CE0C759735121C425ACE4 /* Pods_ExampleAppCoinTests.framework in Frameworks */ = {isa = PBXBuildFile; fileRef = 5469FED2A0802850C92D7C5A /* Pods_ExampleAppCoinTests.framework */; };
/* End PBXBuildFile section */

/* Begin PBXContainerItemProxy section */
		4846CBF623C9607200AB8F0F /* PBXContainerItemProxy */ = {
			isa = PBXContainerItemProxy;
			containerPortal = 4846CBD923C9607100AB8F0F /* Project object */;
			proxyType = 1;
			remoteGlobalIDString = 4846CBE023C9607100AB8F0F;
			remoteInfo = ExampleAppCoin;
		};
		4846CC0123C9607200AB8F0F /* PBXContainerItemProxy */ = {
			isa = PBXContainerItemProxy;
			containerPortal = 4846CBD923C9607100AB8F0F /* Project object */;
			proxyType = 1;
			remoteGlobalIDString = 4846CBE023C9607100AB8F0F;
			remoteInfo = ExampleAppCoin;
		};
/* End PBXContainerItemProxy section */

/* Begin PBXFileReference section */
		25924E4D492761E789C2A6D7 /* Pods_ExampleAppCoin_ExampleAppCoinUITests.framework */ = {isa = PBXFileReference; explicitFileType = wrapper.framework; includeInIndex = 0; path = Pods_ExampleAppCoin_ExampleAppCoinUITests.framework; sourceTree = BUILT_PRODUCTS_DIR; };
		2DE75130468ACF712CB428DD /* Pods-ExampleAppCoin-ExampleAppCoinUITests.debug.xcconfig */ = {isa = PBXFileReference; includeInIndex = 1; lastKnownFileType = text.xcconfig; name = "Pods-ExampleAppCoin-ExampleAppCoinUITests.debug.xcconfig"; path = "Target Support Files/Pods-ExampleAppCoin-ExampleAppCoinUITests/Pods-ExampleAppCoin-ExampleAppCoinUITests.debug.xcconfig"; sourceTree = "<group>"; };
		480EC62623CA1461002F0D73 /* HomeViewModel.swift */ = {isa = PBXFileReference; lastKnownFileType = sourcecode.swift; path = HomeViewModel.swift; sourceTree = "<group>"; };
		480EC62823CA14F0002F0D73 /* UIStoryboard.swift */ = {isa = PBXFileReference; lastKnownFileType = sourcecode.swift; path = UIStoryboard.swift; sourceTree = "<group>"; };
		480EC62B23CA15DF002F0D73 /* Identifiable.swift */ = {isa = PBXFileReference; lastKnownFileType = sourcecode.swift; path = Identifiable.swift; sourceTree = "<group>"; };
		480EC62D23CA17C1002F0D73 /* SplashViewModel.swift */ = {isa = PBXFileReference; lastKnownFileType = sourcecode.swift; path = SplashViewModel.swift; sourceTree = "<group>"; };
		480EC62F23CA1A14002F0D73 /* LocalizableStrings.swift */ = {isa = PBXFileReference; lastKnownFileType = sourcecode.swift; path = LocalizableStrings.swift; sourceTree = "<group>"; };
		480EC63123CA1A56002F0D73 /* String.swift */ = {isa = PBXFileReference; lastKnownFileType = sourcecode.swift; path = String.swift; sourceTree = "<group>"; };
		480EC63423CA56B0002F0D73 /* ForeignExchangeRatesModel.swift */ = {isa = PBXFileReference; lastKnownFileType = sourcecode.swift; path = ForeignExchangeRatesModel.swift; sourceTree = "<group>"; };
		480EC63623CA61B8002F0D73 /* Dynamic.swift */ = {isa = PBXFileReference; lastKnownFileType = sourcecode.swift; path = Dynamic.swift; sourceTree = "<group>"; };
		480EC63823CA646D002F0D73 /* CoinConversionSimulationViewController.swift */ = {isa = PBXFileReference; lastKnownFileType = sourcecode.swift; path = CoinConversionSimulationViewController.swift; sourceTree = "<group>"; };
		480EC63A23CA647E002F0D73 /* CoinConversionSimulationViewModel.swift */ = {isa = PBXFileReference; lastKnownFileType = sourcecode.swift; path = CoinConversionSimulationViewModel.swift; sourceTree = "<group>"; };
		480EC63D23CA6649002F0D73 /* RatesTableViewCell.swift */ = {isa = PBXFileReference; lastKnownFileType = sourcecode.swift; path = RatesTableViewCell.swift; sourceTree = "<group>"; };
		480EC63F23CA6709002F0D73 /* RatesTableViewCellViewModel.swift */ = {isa = PBXFileReference; lastKnownFileType = sourcecode.swift; path = RatesTableViewCellViewModel.swift; sourceTree = "<group>"; };
		480EC64123CA6C5D002F0D73 /* Decimal.swift */ = {isa = PBXFileReference; lastKnownFileType = sourcecode.swift; path = Decimal.swift; sourceTree = "<group>"; };
		480EC64323CB6425002F0D73 /* HTTPProvider.swift */ = {isa = PBXFileReference; lastKnownFileType = sourcecode.swift; path = HTTPProvider.swift; sourceTree = "<group>"; };
		480EC64523CB658D002F0D73 /* Resource.swift */ = {isa = PBXFileReference; lastKnownFileType = sourcecode.swift; path = Resource.swift; sourceTree = "<group>"; };
		480EC64723CB6850002F0D73 /* ApiRequest.swift */ = {isa = PBXFileReference; lastKnownFileType = sourcecode.swift; path = ApiRequest.swift; sourceTree = "<group>"; };
		480EC64923CB69D7002F0D73 /* DefaultErrorConverter.swift */ = {isa = PBXFileReference; lastKnownFileType = sourcecode.swift; path = DefaultErrorConverter.swift; sourceTree = "<group>"; };
		480EC64B23CB6A75002F0D73 /* Encodable.swift */ = {isa = PBXFileReference; lastKnownFileType = sourcecode.swift; path = Encodable.swift; sourceTree = "<group>"; };
		480EC64D23CB6F31002F0D73 /* ForeignExchangeRatesBusiness.swift */ = {isa = PBXFileReference; lastKnownFileType = sourcecode.swift; path = ForeignExchangeRatesBusiness.swift; sourceTree = "<group>"; };
		480EC65023CB702E002F0D73 /* ForeignExchangeRatesHTTPRequest.swift */ = {isa = PBXFileReference; lastKnownFileType = sourcecode.swift; path = ForeignExchangeRatesHTTPRequest.swift; sourceTree = "<group>"; };
		480EC65423CB7618002F0D73 /* DefaultHTTPConfiguration.swift */ = {isa = PBXFileReference; lastKnownFileType = sourcecode.swift; path = DefaultHTTPConfiguration.swift; sourceTree = "<group>"; };
		480EC65623CB78EE002F0D73 /* DefaultSessionDelegate.swift */ = {isa = PBXFileReference; lastKnownFileType = sourcecode.swift; path = DefaultSessionDelegate.swift; sourceTree = "<group>"; };
		480EC65923CB7BF5002F0D73 /* ShimmerView.swift */ = {isa = PBXFileReference; lastKnownFileType = sourcecode.swift; path = ShimmerView.swift; sourceTree = "<group>"; };
		480EC65C23CB7C4D002F0D73 /* Shimmer.swift */ = {isa = PBXFileReference; lastKnownFileType = sourcecode.swift; path = Shimmer.swift; sourceTree = "<group>"; };
		480EC65E23CB7CFB002F0D73 /* ShimmerView.xib */ = {isa = PBXFileReference; lastKnownFileType = file.xib; path = ShimmerView.xib; sourceTree = "<group>"; };
		480EC66223CB8247002F0D73 /* UIView.swift */ = {isa = PBXFileReference; lastKnownFileType = sourcecode.swift; path = UIView.swift; sourceTree = "<group>"; };
		480EC66523CBAF7E002F0D73 /* ErrorView.swift */ = {isa = PBXFileReference; lastKnownFileType = sourcecode.swift; path = ErrorView.swift; sourceTree = "<group>"; };
		480EC66723CBAF89002F0D73 /* ErrorView.xib */ = {isa = PBXFileReference; lastKnownFileType = file.xib; path = ErrorView.xib; sourceTree = "<group>"; };
		4846CBE123C9607100AB8F0F /* ExampleAppCoin.app */ = {isa = PBXFileReference; explicitFileType = wrapper.application; includeInIndex = 0; path = ExampleAppCoin.app; sourceTree = BUILT_PRODUCTS_DIR; };
		4846CBE423C9607100AB8F0F /* AppDelegate.swift */ = {isa = PBXFileReference; lastKnownFileType = sourcecode.swift; path = AppDelegate.swift; sourceTree = "<group>"; };
		4846CBE623C9607100AB8F0F /* SplashViewController.swift */ = {isa = PBXFileReference; lastKnownFileType = sourcecode.swift; path = SplashViewController.swift; sourceTree = "<group>"; };
		4846CBE923C9607100AB8F0F /* Base */ = {isa = PBXFileReference; lastKnownFileType = file.storyboard; name = Base; path = Base.lproj/Coin.storyboard; sourceTree = "<group>"; };
		4846CBEB23C9607200AB8F0F /* Assets.xcassets */ = {isa = PBXFileReference; lastKnownFileType = folder.assetcatalog; path = Assets.xcassets; sourceTree = "<group>"; };
		4846CBF023C9607200AB8F0F /* Info.plist */ = {isa = PBXFileReference; lastKnownFileType = text.plist.xml; path = Info.plist; sourceTree = "<group>"; };
		4846CBF523C9607200AB8F0F /* ExampleAppCoinTests.xctest */ = {isa = PBXFileReference; explicitFileType = wrapper.cfbundle; includeInIndex = 0; path = ExampleAppCoinTests.xctest; sourceTree = BUILT_PRODUCTS_DIR; };
		4846CBF923C9607200AB8F0F /* ExampleAppCoinTests.swift */ = {isa = PBXFileReference; lastKnownFileType = sourcecode.swift; path = ExampleAppCoinTests.swift; sourceTree = "<group>"; };
		4846CBFB23C9607200AB8F0F /* Info.plist */ = {isa = PBXFileReference; lastKnownFileType = text.plist.xml; path = Info.plist; sourceTree = "<group>"; };
		4846CC0023C9607200AB8F0F /* ExampleAppCoinUITests.xctest */ = {isa = PBXFileReference; explicitFileType = wrapper.cfbundle; includeInIndex = 0; path = ExampleAppCoinUITests.xctest; sourceTree = BUILT_PRODUCTS_DIR; };
		4846CC0423C9607200AB8F0F /* ExampleAppCoinUITests.swift */ = {isa = PBXFileReference; lastKnownFileType = sourcecode.swift; path = ExampleAppCoinUITests.swift; sourceTree = "<group>"; };
		4846CC0623C9607200AB8F0F /* Info.plist */ = {isa = PBXFileReference; lastKnownFileType = text.plist.xml; path = Info.plist; sourceTree = "<group>"; };
		4846CC1623C963FD00AB8F0F /* Localizable.strings */ = {isa = PBXFileReference; fileEncoding = 4; lastKnownFileType = text.plist.strings; path = Localizable.strings; sourceTree = "<group>"; };
		4846CC2123C9665D00AB8F0F /* HomeViewController.swift */ = {isa = PBXFileReference; lastKnownFileType = sourcecode.swift; path = HomeViewController.swift; sourceTree = "<group>"; };
		48B9734323C96D46002EED56 /* splashCoin.json */ = {isa = PBXFileReference; fileEncoding = 4; lastKnownFileType = text.json; path = splashCoin.json; sourceTree = "<group>"; };
		4D8FD8FE2FDA025B43BC6224 /* Pods-ExampleAppCoinTests.release.xcconfig */ = {isa = PBXFileReference; includeInIndex = 1; lastKnownFileType = text.xcconfig; name = "Pods-ExampleAppCoinTests.release.xcconfig"; path = "Target Support Files/Pods-ExampleAppCoinTests/Pods-ExampleAppCoinTests.release.xcconfig"; sourceTree = "<group>"; };
		5469FED2A0802850C92D7C5A /* Pods_ExampleAppCoinTests.framework */ = {isa = PBXFileReference; explicitFileType = wrapper.framework; includeInIndex = 0; path = Pods_ExampleAppCoinTests.framework; sourceTree = BUILT_PRODUCTS_DIR; };
		5644AC4A5D425C7037103EC4 /* Pods-ExampleAppCoin.debug.xcconfig */ = {isa = PBXFileReference; includeInIndex = 1; lastKnownFileType = text.xcconfig; name = "Pods-ExampleAppCoin.debug.xcconfig"; path = "Target Support Files/Pods-ExampleAppCoin/Pods-ExampleAppCoin.debug.xcconfig"; sourceTree = "<group>"; };
		6DFD5805CFF9AB4CE0DA605F /* Pods_ExampleAppCoin.framework */ = {isa = PBXFileReference; explicitFileType = wrapper.framework; includeInIndex = 0; path = Pods_ExampleAppCoin.framework; sourceTree = BUILT_PRODUCTS_DIR; };
		9808E191B4A52E17CFB4D1F4 /* Pods-ExampleAppCoin-ExampleAppCoinUITests.release.xcconfig */ = {isa = PBXFileReference; includeInIndex = 1; lastKnownFileType = text.xcconfig; name = "Pods-ExampleAppCoin-ExampleAppCoinUITests.release.xcconfig"; path = "Target Support Files/Pods-ExampleAppCoin-ExampleAppCoinUITests/Pods-ExampleAppCoin-ExampleAppCoinUITests.release.xcconfig"; sourceTree = "<group>"; };
		AC03491F57F97D1191483462 /* Pods-ExampleAppCoin.release.xcconfig */ = {isa = PBXFileReference; includeInIndex = 1; lastKnownFileType = text.xcconfig; name = "Pods-ExampleAppCoin.release.xcconfig"; path = "Target Support Files/Pods-ExampleAppCoin/Pods-ExampleAppCoin.release.xcconfig"; sourceTree = "<group>"; };
		FC1427EF4AD8A1DA4BA67165 /* Pods-ExampleAppCoinTests.debug.xcconfig */ = {isa = PBXFileReference; includeInIndex = 1; lastKnownFileType = text.xcconfig; name = "Pods-ExampleAppCoinTests.debug.xcconfig"; path = "Target Support Files/Pods-ExampleAppCoinTests/Pods-ExampleAppCoinTests.debug.xcconfig"; sourceTree = "<group>"; };
/* End PBXFileReference section */

/* Begin PBXFrameworksBuildPhase section */
		4846CBDE23C9607100AB8F0F /* Frameworks */ = {
			isa = PBXFrameworksBuildPhase;
			buildActionMask = 2147483647;
			files = (
				47DB3A0A5E76B0CA861A3503 /* Pods_ExampleAppCoin.framework in Frameworks */,
			);
			runOnlyForDeploymentPostprocessing = 0;
		};
		4846CBF223C9607200AB8F0F /* Frameworks */ = {
			isa = PBXFrameworksBuildPhase;
			buildActionMask = 2147483647;
			files = (
				6B5CE0C759735121C425ACE4 /* Pods_ExampleAppCoinTests.framework in Frameworks */,
			);
			runOnlyForDeploymentPostprocessing = 0;
		};
		4846CBFD23C9607200AB8F0F /* Frameworks */ = {
			isa = PBXFrameworksBuildPhase;
			buildActionMask = 2147483647;
			files = (
				5FAABED19D11757666369532 /* Pods_ExampleAppCoin_ExampleAppCoinUITests.framework in Frameworks */,
			);
			runOnlyForDeploymentPostprocessing = 0;
		};
/* End PBXFrameworksBuildPhase section */

/* Begin PBXGroup section */
		480EC62A23CA15C9002F0D73 /* Protocols */ = {
			isa = PBXGroup;
			children = (
				480EC62B23CA15DF002F0D73 /* Identifiable.swift */,
			);
			path = Protocols;
			sourceTree = "<group>";
		};
		480EC63323CA5638002F0D73 /* Model */ = {
			isa = PBXGroup;
			children = (
				480EC63423CA56B0002F0D73 /* ForeignExchangeRatesModel.swift */,
			);
			path = Model;
			sourceTree = "<group>";
		};
		480EC63C23CA6631002F0D73 /* Cell */ = {
			isa = PBXGroup;
			children = (
				480EC63D23CA6649002F0D73 /* RatesTableViewCell.swift */,
				480EC63F23CA6709002F0D73 /* RatesTableViewCellViewModel.swift */,
			);
			path = Cell;
			sourceTree = "<group>";
		};
		480EC64F23CB7009002F0D73 /* Requests */ = {
			isa = PBXGroup;
			children = (
				480EC65023CB702E002F0D73 /* ForeignExchangeRatesHTTPRequest.swift */,
			);
			path = Requests;
			sourceTree = "<group>";
		};
		480EC65823CB7BDB002F0D73 /* Shimmer */ = {
			isa = PBXGroup;
			children = (
				480EC65923CB7BF5002F0D73 /* ShimmerView.swift */,
				480EC65E23CB7CFB002F0D73 /* ShimmerView.xib */,
			);
			path = Shimmer;
			sourceTree = "<group>";
		};
		480EC65B23CB7C40002F0D73 /* Components */ = {
			isa = PBXGroup;
			children = (
				480EC65C23CB7C4D002F0D73 /* Shimmer.swift */,
			);
			path = Components;
			sourceTree = "<group>";
		};
		480EC66423CBAF60002F0D73 /* Error */ = {
			isa = PBXGroup;
			children = (
				480EC66523CBAF7E002F0D73 /* ErrorView.swift */,
				480EC66723CBAF89002F0D73 /* ErrorView.xib */,
			);
			path = Error;
			sourceTree = "<group>";
		};
		4846CBD823C9607100AB8F0F = {
			isa = PBXGroup;
			children = (
				4846CBE323C9607100AB8F0F /* ExampleAppCoin */,
				4846CBF823C9607200AB8F0F /* ExampleAppCoinTests */,
				4846CC0323C9607200AB8F0F /* ExampleAppCoinUITests */,
				4846CBE223C9607100AB8F0F /* Products */,
				5581AA1DBEEDE8048CB0D3F4 /* Pods */,
				AE530E71B15E18C2F7739B3E /* Frameworks */,
			);
			sourceTree = "<group>";
		};
		4846CBE223C9607100AB8F0F /* Products */ = {
			isa = PBXGroup;
			children = (
				4846CBE123C9607100AB8F0F /* ExampleAppCoin.app */,
				4846CBF523C9607200AB8F0F /* ExampleAppCoinTests.xctest */,
				4846CC0023C9607200AB8F0F /* ExampleAppCoinUITests.xctest */,
			);
			name = Products;
			sourceTree = "<group>";
		};
		4846CBE323C9607100AB8F0F /* ExampleAppCoin */ = {
			isa = PBXGroup;
			children = (
				4846CBEB23C9607200AB8F0F /* Assets.xcassets */,
				4846CBF023C9607200AB8F0F /* Info.plist */,
				4846CC1323C9637200AB8F0F /* Resources */,
				4846CC1223C9635400AB8F0F /* Sources */,
			);
			path = ExampleAppCoin;
			sourceTree = "<group>";
		};
		4846CBF823C9607200AB8F0F /* ExampleAppCoinTests */ = {
			isa = PBXGroup;
			children = (
				4846CBF923C9607200AB8F0F /* ExampleAppCoinTests.swift */,
				4846CBFB23C9607200AB8F0F /* Info.plist */,
			);
			path = ExampleAppCoinTests;
			sourceTree = "<group>";
		};
		4846CC0323C9607200AB8F0F /* ExampleAppCoinUITests */ = {
			isa = PBXGroup;
			children = (
				4846CC0423C9607200AB8F0F /* ExampleAppCoinUITests.swift */,
				4846CC0623C9607200AB8F0F /* Info.plist */,
			);
			path = ExampleAppCoinUITests;
			sourceTree = "<group>";
		};
		4846CC1223C9635400AB8F0F /* Sources */ = {
			isa = PBXGroup;
			children = (
				480EC65B23CB7C40002F0D73 /* Components */,
				480EC63323CA5638002F0D73 /* Model */,
				4846CC1E23C9646C00AB8F0F /* Infrastructure */,
				4846CC1D23C9644D00AB8F0F /* Provider */,
				4846CC1B23C9644000AB8F0F /* Manager */,
				4846CC1A23C9643400AB8F0F /* Business */,
				4846CC1923C9642E00AB8F0F /* ViewModel */,
				4846CC1823C9642200AB8F0F /* ViewController */,
			);
			path = Sources;
			sourceTree = "<group>";
		};
		4846CC1323C9637200AB8F0F /* Resources */ = {
			isa = PBXGroup;
			children = (
				480EC62A23CA15C9002F0D73 /* Protocols */,
				48B9734523C9746D002EED56 /* Extensions */,
				48B9734023C96A46002EED56 /* Animations */,
				4846CC1523C963C600AB8F0F /* Strings */,
				4846CC1423C9638000AB8F0F /* Storyboards */,
			);
			path = Resources;
			sourceTree = "<group>";
		};
		4846CC1423C9638000AB8F0F /* Storyboards */ = {
			isa = PBXGroup;
			children = (
				4846CBE823C9607100AB8F0F /* Coin.storyboard */,
			);
			path = Storyboards;
			sourceTree = "<group>";
		};
		4846CC1523C963C600AB8F0F /* Strings */ = {
			isa = PBXGroup;
			children = (
				4846CC1623C963FD00AB8F0F /* Localizable.strings */,
			);
			path = Strings;
			sourceTree = "<group>";
		};
		4846CC1823C9642200AB8F0F /* ViewController */ = {
			isa = PBXGroup;
			children = (
				480EC66423CBAF60002F0D73 /* Error */,
				480EC65823CB7BDB002F0D73 /* Shimmer */,
				480EC63C23CA6631002F0D73 /* Cell */,
				4846CBE623C9607100AB8F0F /* SplashViewController.swift */,
				4846CC2123C9665D00AB8F0F /* HomeViewController.swift */,
				480EC63823CA646D002F0D73 /* CoinConversionSimulationViewController.swift */,
			);
			path = ViewController;
			sourceTree = "<group>";
		};
		4846CC1923C9642E00AB8F0F /* ViewModel */ = {
			isa = PBXGroup;
			children = (
				480EC62623CA1461002F0D73 /* HomeViewModel.swift */,
				480EC62D23CA17C1002F0D73 /* SplashViewModel.swift */,
				480EC63A23CA647E002F0D73 /* CoinConversionSimulationViewModel.swift */,
			);
			path = ViewModel;
			sourceTree = "<group>";
		};
		4846CC1A23C9643400AB8F0F /* Business */ = {
			isa = PBXGroup;
			children = (
				480EC64D23CB6F31002F0D73 /* ForeignExchangeRatesBusiness.swift */,
			);
			path = Business;
			sourceTree = "<group>";
		};
		4846CC1B23C9644000AB8F0F /* Manager */ = {
			isa = PBXGroup;
			children = (
			);
			path = Manager;
			sourceTree = "<group>";
		};
		4846CC1D23C9644D00AB8F0F /* Provider */ = {
			isa = PBXGroup;
			children = (
				480EC64F23CB7009002F0D73 /* Requests */,
				480EC64323CB6425002F0D73 /* HTTPProvider.swift */,
				480EC64523CB658D002F0D73 /* Resource.swift */,
				480EC64723CB6850002F0D73 /* ApiRequest.swift */,
				480EC64923CB69D7002F0D73 /* DefaultErrorConverter.swift */,
				480EC65423CB7618002F0D73 /* DefaultHTTPConfiguration.swift */,
				480EC65623CB78EE002F0D73 /* DefaultSessionDelegate.swift */,
			);
			path = Provider;
			sourceTree = "<group>";
		};
		4846CC1E23C9646C00AB8F0F /* Infrastructure */ = {
			isa = PBXGroup;
			children = (
				4846CBE423C9607100AB8F0F /* AppDelegate.swift */,
				480EC62F23CA1A14002F0D73 /* LocalizableStrings.swift */,
				480EC63623CA61B8002F0D73 /* Dynamic.swift */,
			);
			path = Infrastructure;
			sourceTree = "<group>";
		};
		48B9734023C96A46002EED56 /* Animations */ = {
			isa = PBXGroup;
			children = (
				48B9734323C96D46002EED56 /* splashCoin.json */,
			);
			path = Animations;
			sourceTree = "<group>";
		};
		48B9734523C9746D002EED56 /* Extensions */ = {
			isa = PBXGroup;
			children = (
				480EC62823CA14F0002F0D73 /* UIStoryboard.swift */,
				480EC63123CA1A56002F0D73 /* String.swift */,
				480EC64123CA6C5D002F0D73 /* Decimal.swift */,
				480EC64B23CB6A75002F0D73 /* Encodable.swift */,
				480EC66223CB8247002F0D73 /* UIView.swift */,
			);
			path = Extensions;
			sourceTree = "<group>";
		};
		5581AA1DBEEDE8048CB0D3F4 /* Pods */ = {
			isa = PBXGroup;
			children = (
				5644AC4A5D425C7037103EC4 /* Pods-ExampleAppCoin.debug.xcconfig */,
				AC03491F57F97D1191483462 /* Pods-ExampleAppCoin.release.xcconfig */,
				2DE75130468ACF712CB428DD /* Pods-ExampleAppCoin-ExampleAppCoinUITests.debug.xcconfig */,
				9808E191B4A52E17CFB4D1F4 /* Pods-ExampleAppCoin-ExampleAppCoinUITests.release.xcconfig */,
				FC1427EF4AD8A1DA4BA67165 /* Pods-ExampleAppCoinTests.debug.xcconfig */,
				4D8FD8FE2FDA025B43BC6224 /* Pods-ExampleAppCoinTests.release.xcconfig */,
			);
			path = Pods;
			sourceTree = "<group>";
		};
		AE530E71B15E18C2F7739B3E /* Frameworks */ = {
			isa = PBXGroup;
			children = (
				6DFD5805CFF9AB4CE0DA605F /* Pods_ExampleAppCoin.framework */,
				25924E4D492761E789C2A6D7 /* Pods_ExampleAppCoin_ExampleAppCoinUITests.framework */,
				5469FED2A0802850C92D7C5A /* Pods_ExampleAppCoinTests.framework */,
			);
			name = Frameworks;
			sourceTree = "<group>";
		};
/* End PBXGroup section */

/* Begin PBXNativeTarget section */
		4846CBE023C9607100AB8F0F /* ExampleAppCoin */ = {
			isa = PBXNativeTarget;
			buildConfigurationList = 4846CC0923C9607200AB8F0F /* Build configuration list for PBXNativeTarget "ExampleAppCoin" */;
			buildPhases = (
				B116413A8F413049BDC2B7BB /* [CP] Check Pods Manifest.lock */,
				4846CBDD23C9607100AB8F0F /* Sources */,
				4846CBDE23C9607100AB8F0F /* Frameworks */,
				4846CBDF23C9607100AB8F0F /* Resources */,
				0991B08C11138C5756092E1B /* [CP] Embed Pods Frameworks */,
			);
			buildRules = (
			);
			dependencies = (
			);
			name = ExampleAppCoin;
			productName = ExampleAppCoin;
			productReference = 4846CBE123C9607100AB8F0F /* ExampleAppCoin.app */;
			productType = "com.apple.product-type.application";
		};
		4846CBF423C9607200AB8F0F /* ExampleAppCoinTests */ = {
			isa = PBXNativeTarget;
			buildConfigurationList = 4846CC0C23C9607200AB8F0F /* Build configuration list for PBXNativeTarget "ExampleAppCoinTests" */;
			buildPhases = (
				040FA0950199509343E315A0 /* [CP] Check Pods Manifest.lock */,
				4846CBF123C9607200AB8F0F /* Sources */,
				4846CBF223C9607200AB8F0F /* Frameworks */,
				4846CBF323C9607200AB8F0F /* Resources */,
			);
			buildRules = (
			);
			dependencies = (
				4846CBF723C9607200AB8F0F /* PBXTargetDependency */,
			);
			name = ExampleAppCoinTests;
			productName = ExampleAppCoinTests;
			productReference = 4846CBF523C9607200AB8F0F /* ExampleAppCoinTests.xctest */;
			productType = "com.apple.product-type.bundle.unit-test";
		};
		4846CBFF23C9607200AB8F0F /* ExampleAppCoinUITests */ = {
			isa = PBXNativeTarget;
			buildConfigurationList = 4846CC0F23C9607200AB8F0F /* Build configuration list for PBXNativeTarget "ExampleAppCoinUITests" */;
			buildPhases = (
				71B5AB944ADF467BF6551BBF /* [CP] Check Pods Manifest.lock */,
				4846CBFC23C9607200AB8F0F /* Sources */,
				4846CBFD23C9607200AB8F0F /* Frameworks */,
				4846CBFE23C9607200AB8F0F /* Resources */,
				1540FC206E1200DFF90DFB5E /* [CP] Embed Pods Frameworks */,
			);
			buildRules = (
			);
			dependencies = (
				4846CC0223C9607200AB8F0F /* PBXTargetDependency */,
			);
			name = ExampleAppCoinUITests;
			productName = ExampleAppCoinUITests;
			productReference = 4846CC0023C9607200AB8F0F /* ExampleAppCoinUITests.xctest */;
			productType = "com.apple.product-type.bundle.ui-testing";
		};
/* End PBXNativeTarget section */

/* Begin PBXProject section */
		4846CBD923C9607100AB8F0F /* Project object */ = {
			isa = PBXProject;
			attributes = {
				LastSwiftUpdateCheck = 1010;
				LastUpgradeCheck = 1010;
				ORGANIZATIONNAME = "Thales Luquetti Teixeira";
				TargetAttributes = {
					4846CBE023C9607100AB8F0F = {
						CreatedOnToolsVersion = 10.1;
					};
					4846CBF423C9607200AB8F0F = {
						CreatedOnToolsVersion = 10.1;
						TestTargetID = 4846CBE023C9607100AB8F0F;
					};
					4846CBFF23C9607200AB8F0F = {
						CreatedOnToolsVersion = 10.1;
						TestTargetID = 4846CBE023C9607100AB8F0F;
					};
				};
			};
			buildConfigurationList = 4846CBDC23C9607100AB8F0F /* Build configuration list for PBXProject "ExampleAppCoin" */;
			compatibilityVersion = "Xcode 9.3";
			developmentRegion = en;
			hasScannedForEncodings = 0;
			knownRegions = (
				en,
				Base,
			);
			mainGroup = 4846CBD823C9607100AB8F0F;
			productRefGroup = 4846CBE223C9607100AB8F0F /* Products */;
			projectDirPath = "";
			projectRoot = "";
			targets = (
				4846CBE023C9607100AB8F0F /* ExampleAppCoin */,
				4846CBF423C9607200AB8F0F /* ExampleAppCoinTests */,
				4846CBFF23C9607200AB8F0F /* ExampleAppCoinUITests */,
			);
		};
/* End PBXProject section */

/* Begin PBXResourcesBuildPhase section */
		4846CBDF23C9607100AB8F0F /* Resources */ = {
			isa = PBXResourcesBuildPhase;
			buildActionMask = 2147483647;
			files = (
				48B9734423C96D46002EED56 /* splashCoin.json in Resources */,
				4846CC1723C963FD00AB8F0F /* Localizable.strings in Resources */,
				4846CBEC23C9607200AB8F0F /* Assets.xcassets in Resources */,
				480EC66823CBAF89002F0D73 /* ErrorView.xib in Resources */,
				4846CBEA23C9607100AB8F0F /* Coin.storyboard in Resources */,
				480EC65F23CB7CFB002F0D73 /* ShimmerView.xib in Resources */,
			);
			runOnlyForDeploymentPostprocessing = 0;
		};
		4846CBF323C9607200AB8F0F /* Resources */ = {
			isa = PBXResourcesBuildPhase;
			buildActionMask = 2147483647;
			files = (
			);
			runOnlyForDeploymentPostprocessing = 0;
		};
		4846CBFE23C9607200AB8F0F /* Resources */ = {
			isa = PBXResourcesBuildPhase;
			buildActionMask = 2147483647;
			files = (
			);
			runOnlyForDeploymentPostprocessing = 0;
		};
/* End PBXResourcesBuildPhase section */

/* Begin PBXShellScriptBuildPhase section */
		040FA0950199509343E315A0 /* [CP] Check Pods Manifest.lock */ = {
			isa = PBXShellScriptBuildPhase;
			buildActionMask = 2147483647;
			files = (
			);
			inputFileListPaths = (
			);
			inputPaths = (
				"${PODS_PODFILE_DIR_PATH}/Podfile.lock",
				"${PODS_ROOT}/Manifest.lock",
			);
			name = "[CP] Check Pods Manifest.lock";
			outputFileListPaths = (
			);
			outputPaths = (
				"$(DERIVED_FILE_DIR)/Pods-ExampleAppCoinTests-checkManifestLockResult.txt",
			);
			runOnlyForDeploymentPostprocessing = 0;
			shellPath = /bin/sh;
			shellScript = "diff \"${PODS_PODFILE_DIR_PATH}/Podfile.lock\" \"${PODS_ROOT}/Manifest.lock\" > /dev/null\nif [ $? != 0 ] ; then\n    # print error to STDERR\n    echo \"error: The sandbox is not in sync with the Podfile.lock. Run 'pod install' or update your CocoaPods installation.\" >&2\n    exit 1\nfi\n# This output is used by Xcode 'outputs' to avoid re-running this script phase.\necho \"SUCCESS\" > \"${SCRIPT_OUTPUT_FILE_0}\"\n";
			showEnvVarsInLog = 0;
		};
		0991B08C11138C5756092E1B /* [CP] Embed Pods Frameworks */ = {
			isa = PBXShellScriptBuildPhase;
			buildActionMask = 2147483647;
			files = (
			);
			inputFileListPaths = (
				"${PODS_ROOT}/Target Support Files/Pods-ExampleAppCoin/Pods-ExampleAppCoin-frameworks-${CONFIGURATION}-input-files.xcfilelist",
			);
			name = "[CP] Embed Pods Frameworks";
			outputFileListPaths = (
				"${PODS_ROOT}/Target Support Files/Pods-ExampleAppCoin/Pods-ExampleAppCoin-frameworks-${CONFIGURATION}-output-files.xcfilelist",
			);
			runOnlyForDeploymentPostprocessing = 0;
			shellPath = /bin/sh;
			shellScript = "\"${PODS_ROOT}/Target Support Files/Pods-ExampleAppCoin/Pods-ExampleAppCoin-frameworks.sh\"\n";
			showEnvVarsInLog = 0;
		};
		1540FC206E1200DFF90DFB5E /* [CP] Embed Pods Frameworks */ = {
			isa = PBXShellScriptBuildPhase;
			buildActionMask = 2147483647;
			files = (
			);
			inputFileListPaths = (
				"${PODS_ROOT}/Target Support Files/Pods-ExampleAppCoin-ExampleAppCoinUITests/Pods-ExampleAppCoin-ExampleAppCoinUITests-frameworks-${CONFIGURATION}-input-files.xcfilelist",
			);
			name = "[CP] Embed Pods Frameworks";
			outputFileListPaths = (
				"${PODS_ROOT}/Target Support Files/Pods-ExampleAppCoin-ExampleAppCoinUITests/Pods-ExampleAppCoin-ExampleAppCoinUITests-frameworks-${CONFIGURATION}-output-files.xcfilelist",
			);
			runOnlyForDeploymentPostprocessing = 0;
			shellPath = /bin/sh;
			shellScript = "\"${PODS_ROOT}/Target Support Files/Pods-ExampleAppCoin-ExampleAppCoinUITests/Pods-ExampleAppCoin-ExampleAppCoinUITests-frameworks.sh\"\n";
			showEnvVarsInLog = 0;
		};
		71B5AB944ADF467BF6551BBF /* [CP] Check Pods Manifest.lock */ = {
			isa = PBXShellScriptBuildPhase;
			buildActionMask = 2147483647;
			files = (
			);
			inputFileListPaths = (
			);
			inputPaths = (
				"${PODS_PODFILE_DIR_PATH}/Podfile.lock",
				"${PODS_ROOT}/Manifest.lock",
			);
			name = "[CP] Check Pods Manifest.lock";
			outputFileListPaths = (
			);
			outputPaths = (
				"$(DERIVED_FILE_DIR)/Pods-ExampleAppCoin-ExampleAppCoinUITests-checkManifestLockResult.txt",
			);
			runOnlyForDeploymentPostprocessing = 0;
			shellPath = /bin/sh;
			shellScript = "diff \"${PODS_PODFILE_DIR_PATH}/Podfile.lock\" \"${PODS_ROOT}/Manifest.lock\" > /dev/null\nif [ $? != 0 ] ; then\n    # print error to STDERR\n    echo \"error: The sandbox is not in sync with the Podfile.lock. Run 'pod install' or update your CocoaPods installation.\" >&2\n    exit 1\nfi\n# This output is used by Xcode 'outputs' to avoid re-running this script phase.\necho \"SUCCESS\" > \"${SCRIPT_OUTPUT_FILE_0}\"\n";
			showEnvVarsInLog = 0;
		};
		B116413A8F413049BDC2B7BB /* [CP] Check Pods Manifest.lock */ = {
			isa = PBXShellScriptBuildPhase;
			buildActionMask = 2147483647;
			files = (
			);
			inputFileListPaths = (
			);
			inputPaths = (
				"${PODS_PODFILE_DIR_PATH}/Podfile.lock",
				"${PODS_ROOT}/Manifest.lock",
			);
			name = "[CP] Check Pods Manifest.lock";
			outputFileListPaths = (
			);
			outputPaths = (
				"$(DERIVED_FILE_DIR)/Pods-ExampleAppCoin-checkManifestLockResult.txt",
			);
			runOnlyForDeploymentPostprocessing = 0;
			shellPath = /bin/sh;
			shellScript = "diff \"${PODS_PODFILE_DIR_PATH}/Podfile.lock\" \"${PODS_ROOT}/Manifest.lock\" > /dev/null\nif [ $? != 0 ] ; then\n    # print error to STDERR\n    echo \"error: The sandbox is not in sync with the Podfile.lock. Run 'pod install' or update your CocoaPods installation.\" >&2\n    exit 1\nfi\n# This output is used by Xcode 'outputs' to avoid re-running this script phase.\necho \"SUCCESS\" > \"${SCRIPT_OUTPUT_FILE_0}\"\n";
			showEnvVarsInLog = 0;
		};
/* End PBXShellScriptBuildPhase section */

/* Begin PBXSourcesBuildPhase section */
		4846CBDD23C9607100AB8F0F /* Sources */ = {
			isa = PBXSourcesBuildPhase;
			buildActionMask = 2147483647;
			files = (
				480EC64823CB6850002F0D73 /* ApiRequest.swift in Sources */,
				480EC64C23CB6A75002F0D73 /* Encodable.swift in Sources */,
				480EC65A23CB7BF5002F0D73 /* ShimmerView.swift in Sources */,
				4846CBE723C9607100AB8F0F /* SplashViewController.swift in Sources */,
				480EC65123CB702E002F0D73 /* ForeignExchangeRatesHTTPRequest.swift in Sources */,
				480EC66623CBAF7E002F0D73 /* ErrorView.swift in Sources */,
				480EC62C23CA15DF002F0D73 /* Identifiable.swift in Sources */,
				480EC62923CA14F0002F0D73 /* UIStoryboard.swift in Sources */,
				480EC65523CB7618002F0D73 /* DefaultHTTPConfiguration.swift in Sources */,
				480EC64023CA6709002F0D73 /* RatesTableViewCellViewModel.swift in Sources */,
				480EC64A23CB69D7002F0D73 /* DefaultErrorConverter.swift in Sources */,
				480EC63223CA1A56002F0D73 /* String.swift in Sources */,
				480EC62E23CA17C1002F0D73 /* SplashViewModel.swift in Sources */,
				480EC64E23CB6F31002F0D73 /* ForeignExchangeRatesBusiness.swift in Sources */,
				4846CBE523C9607100AB8F0F /* AppDelegate.swift in Sources */,
				480EC64223CA6C5D002F0D73 /* Decimal.swift in Sources */,
				4846CC2223C9665D00AB8F0F /* HomeViewController.swift in Sources */,
				480EC64623CB658D002F0D73 /* Resource.swift in Sources */,
				480EC63723CA61B8002F0D73 /* Dynamic.swift in Sources */,
				480EC62723CA1461002F0D73 /* HomeViewModel.swift in Sources */,
				480EC63023CA1A14002F0D73 /* LocalizableStrings.swift in Sources */,
				480EC65723CB78EE002F0D73 /* DefaultSessionDelegate.swift in Sources */,
				480EC63B23CA647E002F0D73 /* CoinConversionSimulationViewModel.swift in Sources */,
				480EC65D23CB7C4D002F0D73 /* Shimmer.swift in Sources */,
				480EC64423CB6425002F0D73 /* HTTPProvider.swift in Sources */,
				480EC66323CB8247002F0D73 /* UIView.swift in Sources */,
				480EC63E23CA6649002F0D73 /* RatesTableViewCell.swift in Sources */,
				480EC63923CA646D002F0D73 /* CoinConversionSimulationViewController.swift in Sources */,
				480EC63523CA56B0002F0D73 /* ForeignExchangeRatesModel.swift in Sources */,
			);
			runOnlyForDeploymentPostprocessing = 0;
		};
		4846CBF123C9607200AB8F0F /* Sources */ = {
			isa = PBXSourcesBuildPhase;
			buildActionMask = 2147483647;
			files = (
				4846CBFA23C9607200AB8F0F /* ExampleAppCoinTests.swift in Sources */,
			);
			runOnlyForDeploymentPostprocessing = 0;
		};
		4846CBFC23C9607200AB8F0F /* Sources */ = {
			isa = PBXSourcesBuildPhase;
			buildActionMask = 2147483647;
			files = (
				4846CC0523C9607200AB8F0F /* ExampleAppCoinUITests.swift in Sources */,
			);
			runOnlyForDeploymentPostprocessing = 0;
		};
/* End PBXSourcesBuildPhase section */

/* Begin PBXTargetDependency section */
		4846CBF723C9607200AB8F0F /* PBXTargetDependency */ = {
			isa = PBXTargetDependency;
			target = 4846CBE023C9607100AB8F0F /* ExampleAppCoin */;
			targetProxy = 4846CBF623C9607200AB8F0F /* PBXContainerItemProxy */;
		};
		4846CC0223C9607200AB8F0F /* PBXTargetDependency */ = {
			isa = PBXTargetDependency;
			target = 4846CBE023C9607100AB8F0F /* ExampleAppCoin */;
			targetProxy = 4846CC0123C9607200AB8F0F /* PBXContainerItemProxy */;
		};
/* End PBXTargetDependency section */

/* Begin PBXVariantGroup section */
		4846CBE823C9607100AB8F0F /* Coin.storyboard */ = {
			isa = PBXVariantGroup;
			children = (
				4846CBE923C9607100AB8F0F /* Base */,
			);
			name = Coin.storyboard;
			sourceTree = "<group>";
		};
/* End PBXVariantGroup section */

/* Begin XCBuildConfiguration section */
		4846CC0723C9607200AB8F0F /* Debug */ = {
			isa = XCBuildConfiguration;
			buildSettings = {
				ALWAYS_SEARCH_USER_PATHS = NO;
				CLANG_ANALYZER_NONNULL = YES;
				CLANG_ANALYZER_NUMBER_OBJECT_CONVERSION = YES_AGGRESSIVE;
				CLANG_CXX_LANGUAGE_STANDARD = "gnu++14";
				CLANG_CXX_LIBRARY = "libc++";
				CLANG_ENABLE_MODULES = YES;
				CLANG_ENABLE_OBJC_ARC = YES;
				CLANG_ENABLE_OBJC_WEAK = YES;
				CLANG_WARN_BLOCK_CAPTURE_AUTORELEASING = YES;
				CLANG_WARN_BOOL_CONVERSION = YES;
				CLANG_WARN_COMMA = YES;
				CLANG_WARN_CONSTANT_CONVERSION = YES;
				CLANG_WARN_DEPRECATED_OBJC_IMPLEMENTATIONS = YES;
				CLANG_WARN_DIRECT_OBJC_ISA_USAGE = YES_ERROR;
				CLANG_WARN_DOCUMENTATION_COMMENTS = YES;
				CLANG_WARN_EMPTY_BODY = YES;
				CLANG_WARN_ENUM_CONVERSION = YES;
				CLANG_WARN_INFINITE_RECURSION = YES;
				CLANG_WARN_INT_CONVERSION = YES;
				CLANG_WARN_NON_LITERAL_NULL_CONVERSION = YES;
				CLANG_WARN_OBJC_IMPLICIT_RETAIN_SELF = YES;
				CLANG_WARN_OBJC_LITERAL_CONVERSION = YES;
				CLANG_WARN_OBJC_ROOT_CLASS = YES_ERROR;
				CLANG_WARN_RANGE_LOOP_ANALYSIS = YES;
				CLANG_WARN_STRICT_PROTOTYPES = YES;
				CLANG_WARN_SUSPICIOUS_MOVE = YES;
				CLANG_WARN_UNGUARDED_AVAILABILITY = YES_AGGRESSIVE;
				CLANG_WARN_UNREACHABLE_CODE = YES;
				CLANG_WARN__DUPLICATE_METHOD_MATCH = YES;
				CODE_SIGN_IDENTITY = "iPhone Developer";
				COPY_PHASE_STRIP = NO;
				DEBUG_INFORMATION_FORMAT = dwarf;
				ENABLE_STRICT_OBJC_MSGSEND = YES;
				ENABLE_TESTABILITY = YES;
				GCC_C_LANGUAGE_STANDARD = gnu11;
				GCC_DYNAMIC_NO_PIC = NO;
				GCC_NO_COMMON_BLOCKS = YES;
				GCC_OPTIMIZATION_LEVEL = 0;
				GCC_PREPROCESSOR_DEFINITIONS = (
					"DEBUG=1",
					"$(inherited)",
				);
				GCC_WARN_64_TO_32_BIT_CONVERSION = YES;
				GCC_WARN_ABOUT_RETURN_TYPE = YES_ERROR;
				GCC_WARN_UNDECLARED_SELECTOR = YES;
				GCC_WARN_UNINITIALIZED_AUTOS = YES_AGGRESSIVE;
				GCC_WARN_UNUSED_FUNCTION = YES;
				GCC_WARN_UNUSED_VARIABLE = YES;
				IPHONEOS_DEPLOYMENT_TARGET = 12.1;
				MTL_ENABLE_DEBUG_INFO = INCLUDE_SOURCE;
				MTL_FAST_MATH = YES;
				ONLY_ACTIVE_ARCH = YES;
				SDKROOT = iphoneos;
				SWIFT_ACTIVE_COMPILATION_CONDITIONS = DEBUG;
				SWIFT_OPTIMIZATION_LEVEL = "-Onone";
			};
			name = Debug;
		};
		4846CC0823C9607200AB8F0F /* Release */ = {
			isa = XCBuildConfiguration;
			buildSettings = {
				ALWAYS_SEARCH_USER_PATHS = NO;
				CLANG_ANALYZER_NONNULL = YES;
				CLANG_ANALYZER_NUMBER_OBJECT_CONVERSION = YES_AGGRESSIVE;
				CLANG_CXX_LANGUAGE_STANDARD = "gnu++14";
				CLANG_CXX_LIBRARY = "libc++";
				CLANG_ENABLE_MODULES = YES;
				CLANG_ENABLE_OBJC_ARC = YES;
				CLANG_ENABLE_OBJC_WEAK = YES;
				CLANG_WARN_BLOCK_CAPTURE_AUTORELEASING = YES;
				CLANG_WARN_BOOL_CONVERSION = YES;
				CLANG_WARN_COMMA = YES;
				CLANG_WARN_CONSTANT_CONVERSION = YES;
				CLANG_WARN_DEPRECATED_OBJC_IMPLEMENTATIONS = YES;
				CLANG_WARN_DIRECT_OBJC_ISA_USAGE = YES_ERROR;
				CLANG_WARN_DOCUMENTATION_COMMENTS = YES;
				CLANG_WARN_EMPTY_BODY = YES;
				CLANG_WARN_ENUM_CONVERSION = YES;
				CLANG_WARN_INFINITE_RECURSION = YES;
				CLANG_WARN_INT_CONVERSION = YES;
				CLANG_WARN_NON_LITERAL_NULL_CONVERSION = YES;
				CLANG_WARN_OBJC_IMPLICIT_RETAIN_SELF = YES;
				CLANG_WARN_OBJC_LITERAL_CONVERSION = YES;
				CLANG_WARN_OBJC_ROOT_CLASS = YES_ERROR;
				CLANG_WARN_RANGE_LOOP_ANALYSIS = YES;
				CLANG_WARN_STRICT_PROTOTYPES = YES;
				CLANG_WARN_SUSPICIOUS_MOVE = YES;
				CLANG_WARN_UNGUARDED_AVAILABILITY = YES_AGGRESSIVE;
				CLANG_WARN_UNREACHABLE_CODE = YES;
				CLANG_WARN__DUPLICATE_METHOD_MATCH = YES;
				CODE_SIGN_IDENTITY = "iPhone Developer";
				COPY_PHASE_STRIP = NO;
				DEBUG_INFORMATION_FORMAT = "dwarf-with-dsym";
				ENABLE_NS_ASSERTIONS = NO;
				ENABLE_STRICT_OBJC_MSGSEND = YES;
				GCC_C_LANGUAGE_STANDARD = gnu11;
				GCC_NO_COMMON_BLOCKS = YES;
				GCC_WARN_64_TO_32_BIT_CONVERSION = YES;
				GCC_WARN_ABOUT_RETURN_TYPE = YES_ERROR;
				GCC_WARN_UNDECLARED_SELECTOR = YES;
				GCC_WARN_UNINITIALIZED_AUTOS = YES_AGGRESSIVE;
				GCC_WARN_UNUSED_FUNCTION = YES;
				GCC_WARN_UNUSED_VARIABLE = YES;
				IPHONEOS_DEPLOYMENT_TARGET = 12.1;
				MTL_ENABLE_DEBUG_INFO = NO;
				MTL_FAST_MATH = YES;
				SDKROOT = iphoneos;
				SWIFT_COMPILATION_MODE = wholemodule;
				SWIFT_OPTIMIZATION_LEVEL = "-O";
				VALIDATE_PRODUCT = YES;
			};
			name = Release;
		};
		4846CC0A23C9607200AB8F0F /* Debug */ = {
			isa = XCBuildConfiguration;
			baseConfigurationReference = 5644AC4A5D425C7037103EC4 /* Pods-ExampleAppCoin.debug.xcconfig */;
			buildSettings = {
				ASSETCATALOG_COMPILER_APPICON_NAME = AppIcon;
				CODE_SIGN_STYLE = Automatic;
				DEVELOPMENT_TEAM = N9BQPBSKNL;
				INFOPLIST_FILE = ExampleAppCoin/Info.plist;
				LD_RUNPATH_SEARCH_PATHS = (
					"$(inherited)",
					"@executable_path/Frameworks",
				);
				PRODUCT_BUNDLE_IDENTIFIER = com.br.ExampleAppCoin;
				PRODUCT_NAME = "$(TARGET_NAME)";
				SWIFT_VERSION = 4.2;
				TARGETED_DEVICE_FAMILY = 1;
			};
			name = Debug;
		};
		4846CC0B23C9607200AB8F0F /* Release */ = {
			isa = XCBuildConfiguration;
			baseConfigurationReference = AC03491F57F97D1191483462 /* Pods-ExampleAppCoin.release.xcconfig */;
			buildSettings = {
				ASSETCATALOG_COMPILER_APPICON_NAME = AppIcon;
				CODE_SIGN_STYLE = Automatic;
				DEVELOPMENT_TEAM = N9BQPBSKNL;
				INFOPLIST_FILE = ExampleAppCoin/Info.plist;
				LD_RUNPATH_SEARCH_PATHS = (
					"$(inherited)",
					"@executable_path/Frameworks",
				);
				PRODUCT_BUNDLE_IDENTIFIER = com.br.ExampleAppCoin;
				PRODUCT_NAME = "$(TARGET_NAME)";
				SWIFT_VERSION = 4.2;
				TARGETED_DEVICE_FAMILY = 1;
			};
			name = Release;
		};
		4846CC0D23C9607200AB8F0F /* Debug */ = {
			isa = XCBuildConfiguration;
			baseConfigurationReference = FC1427EF4AD8A1DA4BA67165 /* Pods-ExampleAppCoinTests.debug.xcconfig */;
			buildSettings = {
				ALWAYS_EMBED_SWIFT_STANDARD_LIBRARIES = YES;
				BUNDLE_LOADER = "$(TEST_HOST)";
				CODE_SIGN_STYLE = Automatic;
				DEVELOPMENT_TEAM = N9BQPBSKNL;
				INFOPLIST_FILE = ExampleAppCoinTests/Info.plist;
				LD_RUNPATH_SEARCH_PATHS = (
					"$(inherited)",
					"@executable_path/Frameworks",
					"@loader_path/Frameworks",
				);
				PRODUCT_BUNDLE_IDENTIFIER = com.br.ExampleAppCoinTests;
				PRODUCT_NAME = "$(TARGET_NAME)";
				SWIFT_VERSION = 4.2;
				TARGETED_DEVICE_FAMILY = "1,2";
				TEST_HOST = "$(BUILT_PRODUCTS_DIR)/ExampleAppCoin.app/ExampleAppCoin";
			};
			name = Debug;
		};
		4846CC0E23C9607200AB8F0F /* Release */ = {
			isa = XCBuildConfiguration;
			baseConfigurationReference = 4D8FD8FE2FDA025B43BC6224 /* Pods-ExampleAppCoinTests.release.xcconfig */;
			buildSettings = {
				ALWAYS_EMBED_SWIFT_STANDARD_LIBRARIES = YES;
				BUNDLE_LOADER = "$(TEST_HOST)";
				CODE_SIGN_STYLE = Automatic;
				DEVELOPMENT_TEAM = N9BQPBSKNL;
				INFOPLIST_FILE = ExampleAppCoinTests/Info.plist;
				LD_RUNPATH_SEARCH_PATHS = (
					"$(inherited)",
					"@executable_path/Frameworks",
					"@loader_path/Frameworks",
				);
				PRODUCT_BUNDLE_IDENTIFIER = com.br.ExampleAppCoinTests;
				PRODUCT_NAME = "$(TARGET_NAME)";
				SWIFT_VERSION = 4.2;
				TARGETED_DEVICE_FAMILY = "1,2";
				TEST_HOST = "$(BUILT_PRODUCTS_DIR)/ExampleAppCoin.app/ExampleAppCoin";
			};
			name = Release;
		};
		4846CC1023C9607200AB8F0F /* Debug */ = {
			isa = XCBuildConfiguration;
			baseConfigurationReference = 2DE75130468ACF712CB428DD /* Pods-ExampleAppCoin-ExampleAppCoinUITests.debug.xcconfig */;
			buildSettings = {
				ALWAYS_EMBED_SWIFT_STANDARD_LIBRARIES = YES;
				CODE_SIGN_STYLE = Automatic;
				DEVELOPMENT_TEAM = N9BQPBSKNL;
				INFOPLIST_FILE = ExampleAppCoinUITests/Info.plist;
				LD_RUNPATH_SEARCH_PATHS = (
					"$(inherited)",
					"@executable_path/Frameworks",
					"@loader_path/Frameworks",
				);
				PRODUCT_BUNDLE_IDENTIFIER = com.br.ExampleAppCoinUITests;
				PRODUCT_NAME = "$(TARGET_NAME)";
				SWIFT_VERSION = 4.2;
				TARGETED_DEVICE_FAMILY = "1,2";
				TEST_TARGET_NAME = ExampleAppCoin;
			};
			name = Debug;
		};
		4846CC1123C9607200AB8F0F /* Release */ = {
			isa = XCBuildConfiguration;
			baseConfigurationReference = 9808E191B4A52E17CFB4D1F4 /* Pods-ExampleAppCoin-ExampleAppCoinUITests.release.xcconfig */;
			buildSettings = {
				ALWAYS_EMBED_SWIFT_STANDARD_LIBRARIES = YES;
				CODE_SIGN_STYLE = Automatic;
				DEVELOPMENT_TEAM = N9BQPBSKNL;
				INFOPLIST_FILE = ExampleAppCoinUITests/Info.plist;
				LD_RUNPATH_SEARCH_PATHS = (
					"$(inherited)",
					"@executable_path/Frameworks",
					"@loader_path/Frameworks",
				);
				PRODUCT_BUNDLE_IDENTIFIER = com.br.ExampleAppCoinUITests;
				PRODUCT_NAME = "$(TARGET_NAME)";
				SWIFT_VERSION = 4.2;
				TARGETED_DEVICE_FAMILY = "1,2";
				TEST_TARGET_NAME = ExampleAppCoin;
			};
			name = Release;
		};
/* End XCBuildConfiguration section */

/* Begin XCConfigurationList section */
		4846CBDC23C9607100AB8F0F /* Build configuration list for PBXProject "ExampleAppCoin" */ = {
			isa = XCConfigurationList;
			buildConfigurations = (
				4846CC0723C9607200AB8F0F /* Debug */,
				4846CC0823C9607200AB8F0F /* Release */,
			);
			defaultConfigurationIsVisible = 0;
			defaultConfigurationName = Release;
		};
		4846CC0923C9607200AB8F0F /* Build configuration list for PBXNativeTarget "ExampleAppCoin" */ = {
			isa = XCConfigurationList;
			buildConfigurations = (
				4846CC0A23C9607200AB8F0F /* Debug */,
				4846CC0B23C9607200AB8F0F /* Release */,
			);
			defaultConfigurationIsVisible = 0;
			defaultConfigurationName = Release;
		};
		4846CC0C23C9607200AB8F0F /* Build configuration list for PBXNativeTarget "ExampleAppCoinTests" */ = {
			isa = XCConfigurationList;
			buildConfigurations = (
				4846CC0D23C9607200AB8F0F /* Debug */,
				4846CC0E23C9607200AB8F0F /* Release */,
			);
			defaultConfigurationIsVisible = 0;
			defaultConfigurationName = Release;
		};
		4846CC0F23C9607200AB8F0F /* Build configuration list for PBXNativeTarget "ExampleAppCoinUITests" */ = {
			isa = XCConfigurationList;
			buildConfigurations = (
				4846CC1023C9607200AB8F0F /* Debug */,
				4846CC1123C9607200AB8F0F /* Release */,
			);
			defaultConfigurationIsVisible = 0;
			defaultConfigurationName = Release;
		};
/* End XCConfigurationList section */
	};
	rootObject = 4846CBD923C9607100AB8F0F /* Project object */;
}
